
Microsoft Visual Studio Solution File, Format Version 12.00
# Visual Studio Version 17
VisualStudioVersion = 17.0.32014.148
MinimumVisualStudioVersion = 10.0.40219.1
Project("{FAE04EC0-301F-11D3-BF4B-00C04F79EFBC}") = "Exercicio de matrizes 4", "Exercicio de matrizes 4\Exercicio de matrizes 4.csproj", "{6FF4037A-BE5A-4A9D-8A5E-F3911BCE5818}"
EndProject
Global
	GlobalSection(SolutionConfigurationPlatforms) = preSolution
		Debug|Any CPU = Debug|Any CPU
		Release|Any CPU = Release|Any CPU
	EndGlobalSection
	GlobalSection(ProjectConfigurationPlatforms) = postSolution
		{6FF4037A-BE5A-4A9D-8A5E-F3911BCE5818}.Debug|Any CPU.ActiveCfg = Debug|Any CPU
		{6FF4037A-BE5A-4A9D-8A5E-F3911BCE5818}.Debug|Any CPU.Build.0 = Debug|Any CPU
		{6FF4037A-BE5A-4A9D-8A5E-F3911BCE5818}.Release|Any CPU.ActiveCfg = Release|Any CPU
		{6FF4037A-BE5A-4A9D-8A5E-F3911BCE5818}.Release|Any CPU.Build.0 = Release|Any CPU
	EndGlobalSection
	GlobalSection(SolutionProperties) = preSolution
		HideSolutionNode = FALSE
	EndGlobalSection
	GlobalSection(ExtensibilityGlobals) = postSolution
		SolutionGuid = {F6AA3F82-83CE-4C2F-B9D6-FB99B53F340B}
	EndGlobalSection
EndGlobal
