
Microsoft Visual Studio Solution File, Format Version 12.00
# Visual Studio Version 17
VisualStudioVersion = 17.0.32014.148
MinimumVisualStudioVersion = 10.0.40219.1
Project("{FAE04EC0-301F-11D3-BF4B-00C04F79EFBC}") = "beecrwod 1133", "beecrwod 1133\beecrwod 1133.csproj", "{00544750-8C34-4BFC-B6C5-FF42B78ED87D}"
EndProject
Global
	GlobalSection(SolutionConfigurationPlatforms) = preSolution
		Debug|Any CPU = Debug|Any CPU
		Release|Any CPU = Release|Any CPU
	EndGlobalSection
	GlobalSection(ProjectConfigurationPlatforms) = postSolution
		{00544750-8C34-4BFC-B6C5-FF42B78ED87D}.Debug|Any CPU.ActiveCfg = Debug|Any CPU
		{00544750-8C34-4BFC-B6C5-FF42B78ED87D}.Debug|Any CPU.Build.0 = Debug|Any CPU
		{00544750-8C34-4BFC-B6C5-FF42B78ED87D}.Release|Any CPU.ActiveCfg = Release|Any CPU
		{00544750-8C34-4BFC-B6C5-FF42B78ED87D}.Release|Any CPU.Build.0 = Release|Any CPU
	EndGlobalSection
	GlobalSection(SolutionProperties) = preSolution
		HideSolutionNode = FALSE
	EndGlobalSection
	GlobalSection(ExtensibilityGlobals) = postSolution
		SolutionGuid = {113D21D4-5C49-491B-9F54-4ACD730E4FD2}
	EndGlobalSection
EndGlobal
