
Microsoft Visual Studio Solution File, Format Version 12.00
# Visual Studio Version 17
VisualStudioVersion = 17.0.32014.148
MinimumVisualStudioVersion = 10.0.40219.1
Project("{FAE04EC0-301F-11D3-BF4B-00C04F79EFBC}") = "beecrowd 1165", "beecrowd 1165\beecrowd 1165.csproj", "{EE654B7B-7B31-4129-B66A-0AF4ADAF722E}"
EndProject
Global
	GlobalSection(SolutionConfigurationPlatforms) = preSolution
		Debug|Any CPU = Debug|Any CPU
		Release|Any CPU = Release|Any CPU
	EndGlobalSection
	GlobalSection(ProjectConfigurationPlatforms) = postSolution
		{EE654B7B-7B31-4129-B66A-0AF4ADAF722E}.Debug|Any CPU.ActiveCfg = Debug|Any CPU
		{EE654B7B-7B31-4129-B66A-0AF4ADAF722E}.Debug|Any CPU.Build.0 = Debug|Any CPU
		{EE654B7B-7B31-4129-B66A-0AF4ADAF722E}.Release|Any CPU.ActiveCfg = Release|Any CPU
		{EE654B7B-7B31-4129-B66A-0AF4ADAF722E}.Release|Any CPU.Build.0 = Release|Any CPU
	EndGlobalSection
	GlobalSection(SolutionProperties) = preSolution
		HideSolutionNode = FALSE
	EndGlobalSection
	GlobalSection(ExtensibilityGlobals) = postSolution
		SolutionGuid = {46DDA480-1234-4C0E-B161-8FF55E193DC6}
	EndGlobalSection
EndGlobal
