
Microsoft Visual Studio Solution File, Format Version 12.00
# Visual Studio Version 17
VisualStudioVersion = 17.0.32014.148
MinimumVisualStudioVersion = 10.0.40219.1
Project("{FAE04EC0-301F-11D3-BF4B-00C04F79EFBC}") = "beecrowd 1145", "beecrowd 1145\beecrowd 1145.csproj", "{79176341-F40F-470C-824E-660B168FF052}"
EndProject
Global
	GlobalSection(SolutionConfigurationPlatforms) = preSolution
		Debug|Any CPU = Debug|Any CPU
		Release|Any CPU = Release|Any CPU
	EndGlobalSection
	GlobalSection(ProjectConfigurationPlatforms) = postSolution
		{79176341-F40F-470C-824E-660B168FF052}.Debug|Any CPU.ActiveCfg = Debug|Any CPU
		{79176341-F40F-470C-824E-660B168FF052}.Debug|Any CPU.Build.0 = Debug|Any CPU
		{79176341-F40F-470C-824E-660B168FF052}.Release|Any CPU.ActiveCfg = Release|Any CPU
		{79176341-F40F-470C-824E-660B168FF052}.Release|Any CPU.Build.0 = Release|Any CPU
	EndGlobalSection
	GlobalSection(SolutionProperties) = preSolution
		HideSolutionNode = FALSE
	EndGlobalSection
	GlobalSection(ExtensibilityGlobals) = postSolution
		SolutionGuid = {ED101C1A-C304-426D-8071-2007CC2FAB46}
	EndGlobalSection
EndGlobal
