
Microsoft Visual Studio Solution File, Format Version 12.00
# Visual Studio Version 17
VisualStudioVersion = 17.0.32014.148
MinimumVisualStudioVersion = 10.0.40219.1
Project("{FAE04EC0-301F-11D3-BF4B-00C04F79EFBC}") = "beecrowd 1160", "beecrowd 1160\beecrowd 1160.csproj", "{46F301DA-8DA0-4934-8A0A-26117CF90D96}"
EndProject
Global
	GlobalSection(SolutionConfigurationPlatforms) = preSolution
		Debug|Any CPU = Debug|Any CPU
		Release|Any CPU = Release|Any CPU
	EndGlobalSection
	GlobalSection(ProjectConfigurationPlatforms) = postSolution
		{46F301DA-8DA0-4934-8A0A-26117CF90D96}.Debug|Any CPU.ActiveCfg = Debug|Any CPU
		{46F301DA-8DA0-4934-8A0A-26117CF90D96}.Debug|Any CPU.Build.0 = Debug|Any CPU
		{46F301DA-8DA0-4934-8A0A-26117CF90D96}.Release|Any CPU.ActiveCfg = Release|Any CPU
		{46F301DA-8DA0-4934-8A0A-26117CF90D96}.Release|Any CPU.Build.0 = Release|Any CPU
	EndGlobalSection
	GlobalSection(SolutionProperties) = preSolution
		HideSolutionNode = FALSE
	EndGlobalSection
	GlobalSection(ExtensibilityGlobals) = postSolution
		SolutionGuid = {7FED913C-8C16-4F3A-92FC-C2AF7509E355}
	EndGlobalSection
EndGlobal
