
Microsoft Visual Studio Solution File, Format Version 12.00
# Visual Studio Version 17
VisualStudioVersion = 17.0.32014.148
MinimumVisualStudioVersion = 10.0.40219.1
Project("{FAE04EC0-301F-11D3-BF4B-00C04F79EFBC}") = "Exercicio_de_heranca", "Exercicio_de_heranca\Exercicio_de_heranca.csproj", "{78B532EB-835F-478E-A09D-642FE1B29494}"
EndProject
Global
	GlobalSection(SolutionConfigurationPlatforms) = preSolution
		Debug|Any CPU = Debug|Any CPU
		Release|Any CPU = Release|Any CPU
	EndGlobalSection
	GlobalSection(ProjectConfigurationPlatforms) = postSolution
		{78B532EB-835F-478E-A09D-642FE1B29494}.Debug|Any CPU.ActiveCfg = Debug|Any CPU
		{78B532EB-835F-478E-A09D-642FE1B29494}.Debug|Any CPU.Build.0 = Debug|Any CPU
		{78B532EB-835F-478E-A09D-642FE1B29494}.Release|Any CPU.ActiveCfg = Release|Any CPU
		{78B532EB-835F-478E-A09D-642FE1B29494}.Release|Any CPU.Build.0 = Release|Any CPU
	EndGlobalSection
	GlobalSection(SolutionProperties) = preSolution
		HideSolutionNode = FALSE
	EndGlobalSection
	GlobalSection(ExtensibilityGlobals) = postSolution
		SolutionGuid = {32893A49-723D-474C-A2FB-D2196E74FD8C}
	EndGlobalSection
EndGlobal
