
Microsoft Visual Studio Solution File, Format Version 12.00
# Visual Studio Version 17
VisualStudioVersion = 17.0.32014.148
MinimumVisualStudioVersion = 10.0.40219.1
Project("{FAE04EC0-301F-11D3-BF4B-00C04F79EFBC}") = "Exercicio de matrizes 1", "Exercicio de matrizes 1\Exercicio de matrizes 1.csproj", "{5E6B594E-493A-48FE-B4A8-960A0A61F860}"
EndProject
Global
	GlobalSection(SolutionConfigurationPlatforms) = preSolution
		Debug|Any CPU = Debug|Any CPU
		Release|Any CPU = Release|Any CPU
	EndGlobalSection
	GlobalSection(ProjectConfigurationPlatforms) = postSolution
		{5E6B594E-493A-48FE-B4A8-960A0A61F860}.Debug|Any CPU.ActiveCfg = Debug|Any CPU
		{5E6B594E-493A-48FE-B4A8-960A0A61F860}.Debug|Any CPU.Build.0 = Debug|Any CPU
		{5E6B594E-493A-48FE-B4A8-960A0A61F860}.Release|Any CPU.ActiveCfg = Release|Any CPU
		{5E6B594E-493A-48FE-B4A8-960A0A61F860}.Release|Any CPU.Build.0 = Release|Any CPU
	EndGlobalSection
	GlobalSection(SolutionProperties) = preSolution
		HideSolutionNode = FALSE
	EndGlobalSection
	GlobalSection(ExtensibilityGlobals) = postSolution
		SolutionGuid = {6AE56149-DD7E-4031-AEF0-AA463114FEA0}
	EndGlobalSection
EndGlobal
