
Microsoft Visual Studio Solution File, Format Version 12.00
# Visual Studio Version 17
VisualStudioVersion = 17.0.32014.148
MinimumVisualStudioVersion = 10.0.40219.1
Project("{FAE04EC0-301F-11D3-BF4B-00C04F79EFBC}") = "beecrowd 1142", "beecrowd 1142\beecrowd 1142.csproj", "{AAEA148B-4A8D-40E4-9BD5-8FF1E60BC9B2}"
EndProject
Global
	GlobalSection(SolutionConfigurationPlatforms) = preSolution
		Debug|Any CPU = Debug|Any CPU
		Release|Any CPU = Release|Any CPU
	EndGlobalSection
	GlobalSection(ProjectConfigurationPlatforms) = postSolution
		{AAEA148B-4A8D-40E4-9BD5-8FF1E60BC9B2}.Debug|Any CPU.ActiveCfg = Debug|Any CPU
		{AAEA148B-4A8D-40E4-9BD5-8FF1E60BC9B2}.Debug|Any CPU.Build.0 = Debug|Any CPU
		{AAEA148B-4A8D-40E4-9BD5-8FF1E60BC9B2}.Release|Any CPU.ActiveCfg = Release|Any CPU
		{AAEA148B-4A8D-40E4-9BD5-8FF1E60BC9B2}.Release|Any CPU.Build.0 = Release|Any CPU
	EndGlobalSection
	GlobalSection(SolutionProperties) = preSolution
		HideSolutionNode = FALSE
	EndGlobalSection
	GlobalSection(ExtensibilityGlobals) = postSolution
		SolutionGuid = {D92A0C7C-1A82-4F18-9340-7F221AA35D9F}
	EndGlobalSection
EndGlobal
