
Microsoft Visual Studio Solution File, Format Version 12.00
# Visual Studio Version 17
VisualStudioVersion = 17.0.32014.148
MinimumVisualStudioVersion = 10.0.40219.1
Project("{FAE04EC0-301F-11D3-BF4B-00C04F79EFBC}") = "beecrwod 1116", "beecrwod 1116\beecrwod 1116.csproj", "{F9A68B11-9CD1-48AD-B100-8C1D81D3D9C4}"
EndProject
Global
	GlobalSection(SolutionConfigurationPlatforms) = preSolution
		Debug|Any CPU = Debug|Any CPU
		Release|Any CPU = Release|Any CPU
	EndGlobalSection
	GlobalSection(ProjectConfigurationPlatforms) = postSolution
		{F9A68B11-9CD1-48AD-B100-8C1D81D3D9C4}.Debug|Any CPU.ActiveCfg = Debug|Any CPU
		{F9A68B11-9CD1-48AD-B100-8C1D81D3D9C4}.Debug|Any CPU.Build.0 = Debug|Any CPU
		{F9A68B11-9CD1-48AD-B100-8C1D81D3D9C4}.Release|Any CPU.ActiveCfg = Release|Any CPU
		{F9A68B11-9CD1-48AD-B100-8C1D81D3D9C4}.Release|Any CPU.Build.0 = Release|Any CPU
	EndGlobalSection
	GlobalSection(SolutionProperties) = preSolution
		HideSolutionNode = FALSE
	EndGlobalSection
	GlobalSection(ExtensibilityGlobals) = postSolution
		SolutionGuid = {EC7CA39F-1D19-4780-B08A-B482112C568B}
	EndGlobalSection
EndGlobal
