
Microsoft Visual Studio Solution File, Format Version 12.00
# Visual Studio Version 17
VisualStudioVersion = 17.0.32014.148
MinimumVisualStudioVersion = 10.0.40219.1
Project("{FAE04EC0-301F-11D3-BF4B-00C04F79EFBC}") = "Exercício de vetores 6", "Exercício de vetores 6\Exercício de vetores 6.csproj", "{62269BCD-E673-4CE6-88C9-D12F8DF0862C}"
EndProject
Global
	GlobalSection(SolutionConfigurationPlatforms) = preSolution
		Debug|Any CPU = Debug|Any CPU
		Release|Any CPU = Release|Any CPU
	EndGlobalSection
	GlobalSection(ProjectConfigurationPlatforms) = postSolution
		{62269BCD-E673-4CE6-88C9-D12F8DF0862C}.Debug|Any CPU.ActiveCfg = Debug|Any CPU
		{62269BCD-E673-4CE6-88C9-D12F8DF0862C}.Debug|Any CPU.Build.0 = Debug|Any CPU
		{62269BCD-E673-4CE6-88C9-D12F8DF0862C}.Release|Any CPU.ActiveCfg = Release|Any CPU
		{62269BCD-E673-4CE6-88C9-D12F8DF0862C}.Release|Any CPU.Build.0 = Release|Any CPU
	EndGlobalSection
	GlobalSection(SolutionProperties) = preSolution
		HideSolutionNode = FALSE
	EndGlobalSection
	GlobalSection(ExtensibilityGlobals) = postSolution
		SolutionGuid = {1C500CC7-D325-476D-83F8-A2DA09BD5CBE}
	EndGlobalSection
EndGlobal
