
Microsoft Visual Studio Solution File, Format Version 12.00
# Visual Studio Version 17
VisualStudioVersion = 17.0.32014.148
MinimumVisualStudioVersion = 10.0.40219.1
Project("{FAE04EC0-301F-11D3-BF4B-00C04F79EFBC}") = "Exercicio de matriz 2", "Exercicio de matriz 2\Exercicio de matriz 2.csproj", "{2B595D2A-4772-491D-A87D-E3F2BA32F3A0}"
EndProject
Global
	GlobalSection(SolutionConfigurationPlatforms) = preSolution
		Debug|Any CPU = Debug|Any CPU
		Release|Any CPU = Release|Any CPU
	EndGlobalSection
	GlobalSection(ProjectConfigurationPlatforms) = postSolution
		{2B595D2A-4772-491D-A87D-E3F2BA32F3A0}.Debug|Any CPU.ActiveCfg = Debug|Any CPU
		{2B595D2A-4772-491D-A87D-E3F2BA32F3A0}.Debug|Any CPU.Build.0 = Debug|Any CPU
		{2B595D2A-4772-491D-A87D-E3F2BA32F3A0}.Release|Any CPU.ActiveCfg = Release|Any CPU
		{2B595D2A-4772-491D-A87D-E3F2BA32F3A0}.Release|Any CPU.Build.0 = Release|Any CPU
	EndGlobalSection
	GlobalSection(SolutionProperties) = preSolution
		HideSolutionNode = FALSE
	EndGlobalSection
	GlobalSection(ExtensibilityGlobals) = postSolution
		SolutionGuid = {40C27484-FFF1-4621-BBC4-CE4C1E093235}
	EndGlobalSection
EndGlobal
