
Microsoft Visual Studio Solution File, Format Version 12.00
# Visual Studio Version 17
VisualStudioVersion = 17.0.32014.148
MinimumVisualStudioVersion = 10.0.40219.1
Project("{FAE04EC0-301F-11D3-BF4B-00C04F79EFBC}") = "Exercicio de matrizes 5", "Exercicio de matrizes 5\Exercicio de matrizes 5.csproj", "{DF8EB5DE-72EF-4587-8B89-B9E28671D6CB}"
EndProject
Global
	GlobalSection(SolutionConfigurationPlatforms) = preSolution
		Debug|Any CPU = Debug|Any CPU
		Release|Any CPU = Release|Any CPU
	EndGlobalSection
	GlobalSection(ProjectConfigurationPlatforms) = postSolution
		{DF8EB5DE-72EF-4587-8B89-B9E28671D6CB}.Debug|Any CPU.ActiveCfg = Debug|Any CPU
		{DF8EB5DE-72EF-4587-8B89-B9E28671D6CB}.Debug|Any CPU.Build.0 = Debug|Any CPU
		{DF8EB5DE-72EF-4587-8B89-B9E28671D6CB}.Release|Any CPU.ActiveCfg = Release|Any CPU
		{DF8EB5DE-72EF-4587-8B89-B9E28671D6CB}.Release|Any CPU.Build.0 = Release|Any CPU
	EndGlobalSection
	GlobalSection(SolutionProperties) = preSolution
		HideSolutionNode = FALSE
	EndGlobalSection
	GlobalSection(ExtensibilityGlobals) = postSolution
		SolutionGuid = {D326C6A0-08C7-44DB-8D01-A22190DBCEDD}
	EndGlobalSection
EndGlobal
