
Microsoft Visual Studio Solution File, Format Version 12.00
# Visual Studio Version 17
VisualStudioVersion = 17.0.32014.148
MinimumVisualStudioVersion = 10.0.40219.1
Project("{FAE04EC0-301F-11D3-BF4B-00C04F79EFBC}") = "Exercicio de vetores 1", "Exercicio de vetores 1\Exercicio de vetores 1.csproj", "{C408BBE1-07D1-4E70-BBFE-962A1BB10429}"
EndProject
Global
	GlobalSection(SolutionConfigurationPlatforms) = preSolution
		Debug|Any CPU = Debug|Any CPU
		Release|Any CPU = Release|Any CPU
	EndGlobalSection
	GlobalSection(ProjectConfigurationPlatforms) = postSolution
		{C408BBE1-07D1-4E70-BBFE-962A1BB10429}.Debug|Any CPU.ActiveCfg = Debug|Any CPU
		{C408BBE1-07D1-4E70-BBFE-962A1BB10429}.Debug|Any CPU.Build.0 = Debug|Any CPU
		{C408BBE1-07D1-4E70-BBFE-962A1BB10429}.Release|Any CPU.ActiveCfg = Release|Any CPU
		{C408BBE1-07D1-4E70-BBFE-962A1BB10429}.Release|Any CPU.Build.0 = Release|Any CPU
	EndGlobalSection
	GlobalSection(SolutionProperties) = preSolution
		HideSolutionNode = FALSE
	EndGlobalSection
	GlobalSection(ExtensibilityGlobals) = postSolution
		SolutionGuid = {1C0B55DA-FBD6-410D-98CC-D0BB0737A0E5}
	EndGlobalSection
EndGlobal
