
Microsoft Visual Studio Solution File, Format Version 12.00
# Visual Studio Version 17
VisualStudioVersion = 17.0.32014.148
MinimumVisualStudioVersion = 10.0.40219.1
Project("{FAE04EC0-301F-11D3-BF4B-00C04F79EFBC}") = "beecrowd 1099", "beecrowd 1099\beecrowd 1099.csproj", "{DD93E3F6-006B-441D-89AF-D5EAE5AF7EA8}"
EndProject
Global
	GlobalSection(SolutionConfigurationPlatforms) = preSolution
		Debug|Any CPU = Debug|Any CPU
		Release|Any CPU = Release|Any CPU
	EndGlobalSection
	GlobalSection(ProjectConfigurationPlatforms) = postSolution
		{DD93E3F6-006B-441D-89AF-D5EAE5AF7EA8}.Debug|Any CPU.ActiveCfg = Debug|Any CPU
		{DD93E3F6-006B-441D-89AF-D5EAE5AF7EA8}.Debug|Any CPU.Build.0 = Debug|Any CPU
		{DD93E3F6-006B-441D-89AF-D5EAE5AF7EA8}.Release|Any CPU.ActiveCfg = Release|Any CPU
		{DD93E3F6-006B-441D-89AF-D5EAE5AF7EA8}.Release|Any CPU.Build.0 = Release|Any CPU
	EndGlobalSection
	GlobalSection(SolutionProperties) = preSolution
		HideSolutionNode = FALSE
	EndGlobalSection
	GlobalSection(ExtensibilityGlobals) = postSolution
		SolutionGuid = {486D4E45-F4FB-450A-99CA-DDC38E7288C9}
	EndGlobalSection
EndGlobal
