
Microsoft Visual Studio Solution File, Format Version 12.00
# Visual Studio Version 17
VisualStudioVersion = 17.0.32014.148
MinimumVisualStudioVersion = 10.0.40219.1
Project("{FAE04EC0-301F-11D3-BF4B-00C04F79EFBC}") = "beecrowd 1144", "beecrowd 1144\beecrowd 1144.csproj", "{1C509003-996A-4275-8399-CB3F01C6914E}"
EndProject
Global
	GlobalSection(SolutionConfigurationPlatforms) = preSolution
		Debug|Any CPU = Debug|Any CPU
		Release|Any CPU = Release|Any CPU
	EndGlobalSection
	GlobalSection(ProjectConfigurationPlatforms) = postSolution
		{1C509003-996A-4275-8399-CB3F01C6914E}.Debug|Any CPU.ActiveCfg = Debug|Any CPU
		{1C509003-996A-4275-8399-CB3F01C6914E}.Debug|Any CPU.Build.0 = Debug|Any CPU
		{1C509003-996A-4275-8399-CB3F01C6914E}.Release|Any CPU.ActiveCfg = Release|Any CPU
		{1C509003-996A-4275-8399-CB3F01C6914E}.Release|Any CPU.Build.0 = Release|Any CPU
	EndGlobalSection
	GlobalSection(SolutionProperties) = preSolution
		HideSolutionNode = FALSE
	EndGlobalSection
	GlobalSection(ExtensibilityGlobals) = postSolution
		SolutionGuid = {92EA9328-ED22-49A5-87CD-0DE29D522832}
	EndGlobalSection
EndGlobal
