
Microsoft Visual Studio Solution File, Format Version 12.00
# Visual Studio Version 17
VisualStudioVersion = 17.0.32014.148
MinimumVisualStudioVersion = 10.0.40219.1
Project("{FAE04EC0-301F-11D3-BF4B-00C04F79EFBC}") = "Exercicio de vetores 4", "Exercicio de vetores 4\Exercicio de vetores 4.csproj", "{D4E77E04-D024-4A93-AE08-192C709CC02F}"
EndProject
Global
	GlobalSection(SolutionConfigurationPlatforms) = preSolution
		Debug|Any CPU = Debug|Any CPU
		Release|Any CPU = Release|Any CPU
	EndGlobalSection
	GlobalSection(ProjectConfigurationPlatforms) = postSolution
		{D4E77E04-D024-4A93-AE08-192C709CC02F}.Debug|Any CPU.ActiveCfg = Debug|Any CPU
		{D4E77E04-D024-4A93-AE08-192C709CC02F}.Debug|Any CPU.Build.0 = Debug|Any CPU
		{D4E77E04-D024-4A93-AE08-192C709CC02F}.Release|Any CPU.ActiveCfg = Release|Any CPU
		{D4E77E04-D024-4A93-AE08-192C709CC02F}.Release|Any CPU.Build.0 = Release|Any CPU
	EndGlobalSection
	GlobalSection(SolutionProperties) = preSolution
		HideSolutionNode = FALSE
	EndGlobalSection
	GlobalSection(ExtensibilityGlobals) = postSolution
		SolutionGuid = {CB7062FF-E2C9-4E28-B2CD-8310FFFF9A13}
	EndGlobalSection
EndGlobal
