
Microsoft Visual Studio Solution File, Format Version 12.00
# Visual Studio Version 17
VisualStudioVersion = 17.0.32014.148
MinimumVisualStudioVersion = 10.0.40219.1
Project("{FAE04EC0-301F-11D3-BF4B-00C04F79EFBC}") = "Expressao_lambda_2", "Expressao_lambda_2\Expressao_lambda_2.csproj", "{FBA130EA-9466-478B-B399-F550A7DA35E7}"
EndProject
Global
	GlobalSection(SolutionConfigurationPlatforms) = preSolution
		Debug|Any CPU = Debug|Any CPU
		Release|Any CPU = Release|Any CPU
	EndGlobalSection
	GlobalSection(ProjectConfigurationPlatforms) = postSolution
		{FBA130EA-9466-478B-B399-F550A7DA35E7}.Debug|Any CPU.ActiveCfg = Debug|Any CPU
		{FBA130EA-9466-478B-B399-F550A7DA35E7}.Debug|Any CPU.Build.0 = Debug|Any CPU
		{FBA130EA-9466-478B-B399-F550A7DA35E7}.Release|Any CPU.ActiveCfg = Release|Any CPU
		{FBA130EA-9466-478B-B399-F550A7DA35E7}.Release|Any CPU.Build.0 = Release|Any CPU
	EndGlobalSection
	GlobalSection(SolutionProperties) = preSolution
		HideSolutionNode = FALSE
	EndGlobalSection
	GlobalSection(ExtensibilityGlobals) = postSolution
		SolutionGuid = {F528992C-9B9B-4865-9D7D-DC2CEE6AECC4}
	EndGlobalSection
EndGlobal
