
Microsoft Visual Studio Solution File, Format Version 12.00
# Visual Studio Version 17
VisualStudioVersion = 17.0.32014.148
MinimumVisualStudioVersion = 10.0.40219.1
Project("{FAE04EC0-301F-11D3-BF4B-00C04F79EFBC}") = "Exercicio de Matriz", "Exercicio de Matriz\Exercicio de Matriz.csproj", "{BBA652A8-A8D2-4270-A7B1-54ABE5BB32EF}"
EndProject
Global
	GlobalSection(SolutionConfigurationPlatforms) = preSolution
		Debug|Any CPU = Debug|Any CPU
		Release|Any CPU = Release|Any CPU
	EndGlobalSection
	GlobalSection(ProjectConfigurationPlatforms) = postSolution
		{BBA652A8-A8D2-4270-A7B1-54ABE5BB32EF}.Debug|Any CPU.ActiveCfg = Debug|Any CPU
		{BBA652A8-A8D2-4270-A7B1-54ABE5BB32EF}.Debug|Any CPU.Build.0 = Debug|Any CPU
		{BBA652A8-A8D2-4270-A7B1-54ABE5BB32EF}.Release|Any CPU.ActiveCfg = Release|Any CPU
		{BBA652A8-A8D2-4270-A7B1-54ABE5BB32EF}.Release|Any CPU.Build.0 = Release|Any CPU
	EndGlobalSection
	GlobalSection(SolutionProperties) = preSolution
		HideSolutionNode = FALSE
	EndGlobalSection
	GlobalSection(ExtensibilityGlobals) = postSolution
		SolutionGuid = {AB566B6E-9C0F-4733-B1DD-5F1DA5404858}
	EndGlobalSection
EndGlobal
