
Microsoft Visual Studio Solution File, Format Version 12.00
# Visual Studio Version 17
VisualStudioVersion = 17.0.32014.148
MinimumVisualStudioVersion = 10.0.40219.1
Project("{FAE04EC0-301F-11D3-BF4B-00C04F79EFBC}") = "experiencia", "experiencia\experiencia.csproj", "{D1442896-9B39-46A7-B987-CE6D555985BF}"
EndProject
Global
	GlobalSection(SolutionConfigurationPlatforms) = preSolution
		Debug|Any CPU = Debug|Any CPU
		Release|Any CPU = Release|Any CPU
	EndGlobalSection
	GlobalSection(ProjectConfigurationPlatforms) = postSolution
		{D1442896-9B39-46A7-B987-CE6D555985BF}.Debug|Any CPU.ActiveCfg = Debug|Any CPU
		{D1442896-9B39-46A7-B987-CE6D555985BF}.Debug|Any CPU.Build.0 = Debug|Any CPU
		{D1442896-9B39-46A7-B987-CE6D555985BF}.Release|Any CPU.ActiveCfg = Release|Any CPU
		{D1442896-9B39-46A7-B987-CE6D555985BF}.Release|Any CPU.Build.0 = Release|Any CPU
	EndGlobalSection
	GlobalSection(SolutionProperties) = preSolution
		HideSolutionNode = FALSE
	EndGlobalSection
	GlobalSection(ExtensibilityGlobals) = postSolution
		SolutionGuid = {E9EBED28-4BCC-4609-A1E2-4D8E1DF671B1}
	EndGlobalSection
EndGlobal
